// !$*UTF8*$!
{
	archiveVersion = 1;
	classes = {
	};
	objectVersion = 45;
	objects = {

/* Begin PBXBuildFile section */
		1D3623260D0F684500981E51 /* StatDiaryAppDelegate.m in Sources */ = {isa = PBXBuildFile; fileRef = 1D3623250D0F684500981E51 /* StatDiaryAppDelegate.m */; };
		1D60589B0D05DD56006BFB54 /* main.m in Sources */ = {isa = PBXBuildFile; fileRef = 29B97316FDCFA39411CA2CEA /* main.m */; };
		1D60589F0D05DD5A006BFB54 /* Foundation.framework in Frameworks */ = {isa = PBXBuildFile; fileRef = 1D30AB110D05D00D00671497 /* Foundation.framework */; };
		1DF5F4E00D08C38300B7A737 /* UIKit.framework in Frameworks */ = {isa = PBXBuildFile; fileRef = 1DF5F4DF0D08C38300B7A737 /* UIKit.framework */; };
		288765FD0DF74451002DB57D /* CoreGraphics.framework in Frameworks */ = {isa = PBXBuildFile; fileRef = 288765FC0DF74451002DB57D /* CoreGraphics.framework */; };
		28AD733F0D9D9553002E5188 /* MainWindow.xib in Resources */ = {isa = PBXBuildFile; fileRef = 28AD733E0D9D9553002E5188 /* MainWindow.xib */; };
		4732D621139F407000CADBB3 /* MyDataNavigationController.m in Sources */ = {isa = PBXBuildFile; fileRef = 4732D620139F407000CADBB3 /* MyDataNavigationController.m */; };
		4732D624139F43AD00CADBB3 /* StatListController.m in Sources */ = {isa = PBXBuildFile; fileRef = 4732D623139F43AD00CADBB3 /* StatListController.m */; };
		4733D1F0139D465E006941EC /* LoginViewController.m in Sources */ = {isa = PBXBuildFile; fileRef = 4733D1EF139D465E006941EC /* LoginViewController.m */; };
		4733D1F2139D466B006941EC /* LoginView.xib in Resources */ = {isa = PBXBuildFile; fileRef = 4733D1F1139D466B006941EC /* LoginView.xib */; };
		4733D263139D7363006941EC /* NSDataAdditions.m in Sources */ = {isa = PBXBuildFile; fileRef = 4733D250139D7363006941EC /* NSDataAdditions.m */; };
		4733D264139D7363006941EC /* NSStringAdditions.m in Sources */ = {isa = PBXBuildFile; fileRef = 4733D252139D7363006941EC /* NSStringAdditions.m */; };
		4733D265139D7363006941EC /* XMLRPCConnection.m in Sources */ = {isa = PBXBuildFile; fileRef = 4733D256139D7363006941EC /* XMLRPCConnection.m */; };
		4733D266139D7363006941EC /* XMLRPCConnectionManager.m in Sources */ = {isa = PBXBuildFile; fileRef = 4733D258139D7363006941EC /* XMLRPCConnectionManager.m */; };
		4733D267139D7363006941EC /* XMLRPCEncoder.m in Sources */ = {isa = PBXBuildFile; fileRef = 4733D25A139D7363006941EC /* XMLRPCEncoder.m */; };
		4733D268139D7363006941EC /* XMLRPCEventBasedParser.m in Sources */ = {isa = PBXBuildFile; fileRef = 4733D25C139D7363006941EC /* XMLRPCEventBasedParser.m */; };
		4733D269139D7363006941EC /* XMLRPCEventBasedParserDelegate.m in Sources */ = {isa = PBXBuildFile; fileRef = 4733D25E139D7363006941EC /* XMLRPCEventBasedParserDelegate.m */; };
		4733D26A139D7363006941EC /* XMLRPCRequest.m in Sources */ = {isa = PBXBuildFile; fileRef = 4733D260139D7363006941EC /* XMLRPCRequest.m */; };
		4733D26B139D7363006941EC /* XMLRPCResponse.m in Sources */ = {isa = PBXBuildFile; fileRef = 4733D262139D7363006941EC /* XMLRPCResponse.m */; };
		4738B52013AB297700BD5B67 /* 111-user.png in Resources */ = {isa = PBXBuildFile; fileRef = 4738B51F13AB297700BD5B67 /* 111-user.png */; };
		4738B52213AB298700BD5B67 /* Icon.png in Resources */ = {isa = PBXBuildFile; fileRef = 4738B52113AB298700BD5B67 /* Icon.png */; };
		4738B52413AB29C900BD5B67 /* 54-lock.png in Resources */ = {isa = PBXBuildFile; fileRef = 4738B52313AB29C900BD5B67 /* 54-lock.png */; };
		4738B52813AB2B0800BD5B67 /* RegistrationViewController.m in Sources */ = {isa = PBXBuildFile; fileRef = 4738B52713AB2B0800BD5B67 /* RegistrationViewController.m */; };
		4738B52A13AB2B1E00BD5B67 /* RegistrationView.xib in Resources */ = {isa = PBXBuildFile; fileRef = 4738B52913AB2B1E00BD5B67 /* RegistrationView.xib */; };
		47807F0913A4F112004078EB /* IndicatorViewController.m in Sources */ = {isa = PBXBuildFile; fileRef = 47807F0813A4F112004078EB /* IndicatorViewController.m */; };
		47807F0B13A4F121004078EB /* IndicatorView.xib in Resources */ = {isa = PBXBuildFile; fileRef = 47807F0A13A4F121004078EB /* IndicatorView.xib */; };
		47807F0F13A4F1BB004078EB /* IndicatorBgr.png in Resources */ = {isa = PBXBuildFile; fileRef = 47807F0E13A4F1BB004078EB /* IndicatorBgr.png */; };
		47807F9013A4FA4D004078EB /* bgr.png in Resources */ = {isa = PBXBuildFile; fileRef = 47807F8F13A4FA4D004078EB /* bgr.png */; };
		47807FA613A50476004078EB /* bgr_entry.png in Resources */ = {isa = PBXBuildFile; fileRef = 47807FA513A50476004078EB /* bgr_entry.png */; };
		47807FAA13A50588004078EB /* whiteButton.png in Resources */ = {isa = PBXBuildFile; fileRef = 47807FA913A50588004078EB /* whiteButton.png */; };
		4787ACFA13BF89BC0074CBDA /* AccountTabController.m in Sources */ = {isa = PBXBuildFile; fileRef = 4787ACF913BF89BC0074CBDA /* AccountTabController.m */; };
		4787F45013A2BDD2002B9636 /* StatDetailsViewController.m in Sources */ = {isa = PBXBuildFile; fileRef = 4787F44F13A2BDD2002B9636 /* StatDetailsViewController.m */; };
		4787F45313A2BDF9002B9636 /* StatDetailsView.xib in Resources */ = {isa = PBXBuildFile; fileRef = 4787F45213A2BDF9002B9636 /* StatDetailsView.xib */; };
		47B383D013C0FCFD00D34E27 /* CreateStatViewController.m in Sources */ = {isa = PBXBuildFile; fileRef = 47B383CF13C0FCFD00D34E27 /* CreateStatViewController.m */; };
		47B383D213C0FD1800D34E27 /* CreateStatView.xib in Resources */ = {isa = PBXBuildFile; fileRef = 47B383D113C0FD1800D34E27 /* CreateStatView.xib */; };
		47B9465E13A16BA2001326FC /* Globals.m in Sources */ = {isa = PBXBuildFile; fileRef = 47B9465D13A16BA2001326FC /* Globals.m */; };
		47F81CA613C25028004DAB24 /* bgr_add.png in Resources */ = {isa = PBXBuildFile; fileRef = 47F81CA513C25028004DAB24 /* bgr_add.png */; };
		47F81CA813C25413004DAB24 /* bgr_login.png in Resources */ = {isa = PBXBuildFile; fileRef = 47F81CA713C25413004DAB24 /* bgr_login.png */; };
		47F81CAA13C2595F004DAB24 /* bgr_reg.png in Resources */ = {isa = PBXBuildFile; fileRef = 47F81CA913C2595F004DAB24 /* bgr_reg.png */; };
/* End PBXBuildFile section */

/* Begin PBXFileReference section */
		1D30AB110D05D00D00671497 /* Foundation.framework */ = {isa = PBXFileReference; lastKnownFileType = wrapper.framework; name = Foundation.framework; path = System/Library/Frameworks/Foundation.framework; sourceTree = SDKROOT; };
		1D3623240D0F684500981E51 /* StatDiaryAppDelegate.h */ = {isa = PBXFileReference; fileEncoding = 4; lastKnownFileType = sourcecode.c.h; path = StatDiaryAppDelegate.h; sourceTree = "<group>"; };
		1D3623250D0F684500981E51 /* StatDiaryAppDelegate.m */ = {isa = PBXFileReference; fileEncoding = 4; lastKnownFileType = sourcecode.c.objc; path = StatDiaryAppDelegate.m; sourceTree = "<group>"; };
		1D6058910D05DD3D006BFB54 /* StatDiary.app */ = {isa = PBXFileReference; explicitFileType = wrapper.application; includeInIndex = 0; path = StatDiary.app; sourceTree = BUILT_PRODUCTS_DIR; };
		1DF5F4DF0D08C38300B7A737 /* UIKit.framework */ = {isa = PBXFileReference; lastKnownFileType = wrapper.framework; name = UIKit.framework; path = System/Library/Frameworks/UIKit.framework; sourceTree = SDKROOT; };
		288765FC0DF74451002DB57D /* CoreGraphics.framework */ = {isa = PBXFileReference; lastKnownFileType = wrapper.framework; name = CoreGraphics.framework; path = System/Library/Frameworks/CoreGraphics.framework; sourceTree = SDKROOT; };
		28AD733E0D9D9553002E5188 /* MainWindow.xib */ = {isa = PBXFileReference; lastKnownFileType = file.xib; path = MainWindow.xib; sourceTree = "<group>"; };
		29B97316FDCFA39411CA2CEA /* main.m */ = {isa = PBXFileReference; fileEncoding = 4; lastKnownFileType = sourcecode.c.objc; path = main.m; sourceTree = "<group>"; };
		32CA4F630368D1EE00C91783 /* StatDiary_Prefix.pch */ = {isa = PBXFileReference; fileEncoding = 4; lastKnownFileType = sourcecode.c.h; path = StatDiary_Prefix.pch; sourceTree = "<group>"; };
		4732D61F139F407000CADBB3 /* MyDataNavigationController.h */ = {isa = PBXFileReference; fileEncoding = 4; lastKnownFileType = sourcecode.c.h; path = MyDataNavigationController.h; sourceTree = "<group>"; };
		4732D620139F407000CADBB3 /* MyDataNavigationController.m */ = {isa = PBXFileReference; fileEncoding = 4; lastKnownFileType = sourcecode.c.objc; path = MyDataNavigationController.m; sourceTree = "<group>"; };
		4732D622139F43AD00CADBB3 /* StatListController.h */ = {isa = PBXFileReference; fileEncoding = 4; lastKnownFileType = sourcecode.c.h; path = StatListController.h; sourceTree = "<group>"; };
		4732D623139F43AD00CADBB3 /* StatListController.m */ = {isa = PBXFileReference; fileEncoding = 4; lastKnownFileType = sourcecode.c.objc; path = StatListController.m; sourceTree = "<group>"; };
		4733D1EE139D465E006941EC /* LoginViewController.h */ = {isa = PBXFileReference; fileEncoding = 4; lastKnownFileType = sourcecode.c.h; path = LoginViewController.h; sourceTree = "<group>"; };
		4733D1EF139D465E006941EC /* LoginViewController.m */ = {isa = PBXFileReference; fileEncoding = 4; lastKnownFileType = sourcecode.c.objc; path = LoginViewController.m; sourceTree = "<group>"; };
		4733D1F1139D466B006941EC /* LoginView.xib */ = {isa = PBXFileReference; lastKnownFileType = file.xib; path = LoginView.xib; sourceTree = "<group>"; };
		4733D24F139D7363006941EC /* NSDataAdditions.h */ = {isa = PBXFileReference; fileEncoding = 4; lastKnownFileType = sourcecode.c.h; path = NSDataAdditions.h; sourceTree = "<group>"; };
		4733D250139D7363006941EC /* NSDataAdditions.m */ = {isa = PBXFileReference; fileEncoding = 4; lastKnownFileType = sourcecode.c.objc; path = NSDataAdditions.m; sourceTree = "<group>"; };
		4733D251139D7363006941EC /* NSStringAdditions.h */ = {isa = PBXFileReference; fileEncoding = 4; lastKnownFileType = sourcecode.c.h; path = NSStringAdditions.h; sourceTree = "<group>"; };
		4733D252139D7363006941EC /* NSStringAdditions.m */ = {isa = PBXFileReference; fileEncoding = 4; lastKnownFileType = sourcecode.c.objc; path = NSStringAdditions.m; sourceTree = "<group>"; };
		4733D253139D7363006941EC /* XMLRPCConnectionDelegate.h */ = {isa = PBXFileReference; fileEncoding = 4; lastKnownFileType = sourcecode.c.h; path = XMLRPCConnectionDelegate.h; sourceTree = "<group>"; };
		4733D254139D7363006941EC /* XMLRPC.h */ = {isa = PBXFileReference; fileEncoding = 4; lastKnownFileType = sourcecode.c.h; path = XMLRPC.h; sourceTree = "<group>"; };
		4733D255139D7363006941EC /* XMLRPCConnection.h */ = {isa = PBXFileReference; fileEncoding = 4; lastKnownFileType = sourcecode.c.h; path = XMLRPCConnection.h; sourceTree = "<group>"; };
		4733D256139D7363006941EC /* XMLRPCConnection.m */ = {isa = PBXFileReference; fileEncoding = 4; lastKnownFileType = sourcecode.c.objc; path = XMLRPCConnection.m; sourceTree = "<group>"; };
		4733D257139D7363006941EC /* XMLRPCConnectionManager.h */ = {isa = PBXFileReference; fileEncoding = 4; lastKnownFileType = sourcecode.c.h; path = XMLRPCConnectionManager.h; sourceTree = "<group>"; };
		4733D258139D7363006941EC /* XMLRPCConnectionManager.m */ = {isa = PBXFileReference; fileEncoding = 4; lastKnownFileType = sourcecode.c.objc; path = XMLRPCConnectionManager.m; sourceTree = "<group>"; };
		4733D259139D7363006941EC /* XMLRPCEncoder.h */ = {isa = PBXFileReference; fileEncoding = 4; lastKnownFileType = sourcecode.c.h; path = XMLRPCEncoder.h; sourceTree = "<group>"; };
		4733D25A139D7363006941EC /* XMLRPCEncoder.m */ = {isa = PBXFileReference; fileEncoding = 4; lastKnownFileType = sourcecode.c.objc; path = XMLRPCEncoder.m; sourceTree = "<group>"; };
		4733D25B139D7363006941EC /* XMLRPCEventBasedParser.h */ = {isa = PBXFileReference; fileEncoding = 4; lastKnownFileType = sourcecode.c.h; path = XMLRPCEventBasedParser.h; sourceTree = "<group>"; };
		4733D25C139D7363006941EC /* XMLRPCEventBasedParser.m */ = {isa = PBXFileReference; fileEncoding = 4; lastKnownFileType = sourcecode.c.objc; path = XMLRPCEventBasedParser.m; sourceTree = "<group>"; };
		4733D25D139D7363006941EC /* XMLRPCEventBasedParserDelegate.h */ = {isa = PBXFileReference; fileEncoding = 4; lastKnownFileType = sourcecode.c.h; path = XMLRPCEventBasedParserDelegate.h; sourceTree = "<group>"; };
		4733D25E139D7363006941EC /* XMLRPCEventBasedParserDelegate.m */ = {isa = PBXFileReference; fileEncoding = 4; lastKnownFileType = sourcecode.c.objc; path = XMLRPCEventBasedParserDelegate.m; sourceTree = "<group>"; };
		4733D25F139D7363006941EC /* XMLRPCRequest.h */ = {isa = PBXFileReference; fileEncoding = 4; lastKnownFileType = sourcecode.c.h; path = XMLRPCRequest.h; sourceTree = "<group>"; };
		4733D260139D7363006941EC /* XMLRPCRequest.m */ = {isa = PBXFileReference; fileEncoding = 4; lastKnownFileType = sourcecode.c.objc; path = XMLRPCRequest.m; sourceTree = "<group>"; };
		4733D261139D7363006941EC /* XMLRPCResponse.h */ = {isa = PBXFileReference; fileEncoding = 4; lastKnownFileType = sourcecode.c.h; path = XMLRPCResponse.h; sourceTree = "<group>"; };
		4733D262139D7363006941EC /* XMLRPCResponse.m */ = {isa = PBXFileReference; fileEncoding = 4; lastKnownFileType = sourcecode.c.objc; path = XMLRPCResponse.m; sourceTree = "<group>"; };
		4738B51F13AB297700BD5B67 /* 111-user.png */ = {isa = PBXFileReference; lastKnownFileType = image.png; path = "111-user.png"; sourceTree = "<group>"; };
		4738B52113AB298700BD5B67 /* Icon.png */ = {isa = PBXFileReference; lastKnownFileType = image.png; path = Icon.png; sourceTree = "<group>"; };
		4738B52313AB29C900BD5B67 /* 54-lock.png */ = {isa = PBXFileReference; lastKnownFileType = image.png; path = "54-lock.png"; sourceTree = "<group>"; };
		4738B52613AB2B0800BD5B67 /* RegistrationViewController.h */ = {isa = PBXFileReference; fileEncoding = 4; lastKnownFileType = sourcecode.c.h; path = RegistrationViewController.h; sourceTree = "<group>"; };
		4738B52713AB2B0800BD5B67 /* RegistrationViewController.m */ = {isa = PBXFileReference; fileEncoding = 4; lastKnownFileType = sourcecode.c.objc; path = RegistrationViewController.m; sourceTree = "<group>"; };
		4738B52913AB2B1E00BD5B67 /* RegistrationView.xib */ = {isa = PBXFileReference; lastKnownFileType = file.xib; path = RegistrationView.xib; sourceTree = "<group>"; };
		47807F0713A4F112004078EB /* IndicatorViewController.h */ = {isa = PBXFileReference; fileEncoding = 4; lastKnownFileType = sourcecode.c.h; path = IndicatorViewController.h; sourceTree = "<group>"; };
		47807F0813A4F112004078EB /* IndicatorViewController.m */ = {isa = PBXFileReference; fileEncoding = 4; lastKnownFileType = sourcecode.c.objc; path = IndicatorViewController.m; sourceTree = "<group>"; };
		47807F0A13A4F121004078EB /* IndicatorView.xib */ = {isa = PBXFileReference; lastKnownFileType = file.xib; path = IndicatorView.xib; sourceTree = "<group>"; };
		47807F0E13A4F1BB004078EB /* IndicatorBgr.png */ = {isa = PBXFileReference; lastKnownFileType = image.png; path = IndicatorBgr.png; sourceTree = "<group>"; };
		47807F8F13A4FA4D004078EB /* bgr.png */ = {isa = PBXFileReference; lastKnownFileType = image.png; path = bgr.png; sourceTree = "<group>"; };
		47807FA513A50476004078EB /* bgr_entry.png */ = {isa = PBXFileReference; lastKnownFileType = image.png; path = bgr_entry.png; sourceTree = "<group>"; };
		47807FA913A50588004078EB /* whiteButton.png */ = {isa = PBXFileReference; lastKnownFileType = image.png; path = whiteButton.png; sourceTree = "<group>"; };
		4787ACF813BF89BC0074CBDA /* AccountTabController.h */ = {isa = PBXFileReference; fileEncoding = 4; lastKnownFileType = sourcecode.c.h; path = AccountTabController.h; sourceTree = "<group>"; };
		4787ACF913BF89BC0074CBDA /* AccountTabController.m */ = {isa = PBXFileReference; fileEncoding = 4; lastKnownFileType = sourcecode.c.objc; path = AccountTabController.m; sourceTree = "<group>"; };
		4787F44E13A2BDD2002B9636 /* StatDetailsViewController.h */ = {isa = PBXFileReference; fileEncoding = 4; lastKnownFileType = sourcecode.c.h; path = StatDetailsViewController.h; sourceTree = "<group>"; };
		4787F44F13A2BDD2002B9636 /* StatDetailsViewController.m */ = {isa = PBXFileReference; fileEncoding = 4; lastKnownFileType = sourcecode.c.objc; path = StatDetailsViewController.m; sourceTree = "<group>"; };
		4787F45213A2BDF9002B9636 /* StatDetailsView.xib */ = {isa = PBXFileReference; lastKnownFileType = file.xib; path = StatDetailsView.xib; sourceTree = "<group>"; };
		47B383CE13C0FCFD00D34E27 /* CreateStatViewController.h */ = {isa = PBXFileReference; fileEncoding = 4; lastKnownFileType = sourcecode.c.h; path = CreateStatViewController.h; sourceTree = "<group>"; };
		47B383CF13C0FCFD00D34E27 /* CreateStatViewController.m */ = {isa = PBXFileReference; fileEncoding = 4; lastKnownFileType = sourcecode.c.objc; path = CreateStatViewController.m; sourceTree = "<group>"; };
		47B383D113C0FD1800D34E27 /* CreateStatView.xib */ = {isa = PBXFileReference; fileEncoding = 4; lastKnownFileType = file.xib; path = CreateStatView.xib; sourceTree = "<group>"; };
		47B9461213A1455C001326FC /* Defines.h */ = {isa = PBXFileReference; fileEncoding = 4; lastKnownFileType = sourcecode.c.h; path = Defines.h; sourceTree = "<group>"; };
		47B9465C13A16BA2001326FC /* Globals.h */ = {isa = PBXFileReference; fileEncoding = 4; lastKnownFileType = sourcecode.c.h; path = Globals.h; sourceTree = "<group>"; };
		47B9465D13A16BA2001326FC /* Globals.m */ = {isa = PBXFileReference; fileEncoding = 4; lastKnownFileType = sourcecode.c.objc; path = Globals.m; sourceTree = "<group>"; };
		47F81CA513C25028004DAB24 /* bgr_add.png */ = {isa = PBXFileReference; lastKnownFileType = image.png; path = bgr_add.png; sourceTree = "<group>"; };
		47F81CA713C25413004DAB24 /* bgr_login.png */ = {isa = PBXFileReference; lastKnownFileType = image.png; path = bgr_login.png; sourceTree = "<group>"; };
		47F81CA913C2595F004DAB24 /* bgr_reg.png */ = {isa = PBXFileReference; lastKnownFileType = image.png; path = bgr_reg.png; sourceTree = "<group>"; };
		8D1107310486CEB800E47090 /* StatDiary-Info.plist */ = {isa = PBXFileReference; fileEncoding = 4; lastKnownFileType = text.plist.xml; path = "StatDiary-Info.plist"; plistStructureDefinitionIdentifier = "com.apple.xcode.plist.structure-definition.iphone.info-plist"; sourceTree = "<group>"; };
/* End PBXFileReference section */

/* Begin PBXFrameworksBuildPhase section */
		1D60588F0D05DD3D006BFB54 /* Frameworks */ = {
			isa = PBXFrameworksBuildPhase;
			buildActionMask = 2147483647;
			files = (
				1D60589F0D05DD5A006BFB54 /* Foundation.framework in Frameworks */,
				1DF5F4E00D08C38300B7A737 /* UIKit.framework in Frameworks */,
				288765FD0DF74451002DB57D /* CoreGraphics.framework in Frameworks */,
			);
			runOnlyForDeploymentPostprocessing = 0;
		};
/* End PBXFrameworksBuildPhase section */

/* Begin PBXGroup section */
		080E96DDFE201D6D7F000001 /* Classes */ = {
			isa = PBXGroup;
			children = (
				4733D24D139D7347006941EC /* XMLRPC */,
				1D3623240D0F684500981E51 /* StatDiaryAppDelegate.h */,
				1D3623250D0F684500981E51 /* StatDiaryAppDelegate.m */,
				4733D1EE139D465E006941EC /* LoginViewController.h */,
				4733D1EF139D465E006941EC /* LoginViewController.m */,
				4732D61F139F407000CADBB3 /* MyDataNavigationController.h */,
				4732D620139F407000CADBB3 /* MyDataNavigationController.m */,
				4732D622139F43AD00CADBB3 /* StatListController.h */,
				4732D623139F43AD00CADBB3 /* StatListController.m */,
				4787F44E13A2BDD2002B9636 /* StatDetailsViewController.h */,
				4787F44F13A2BDD2002B9636 /* StatDetailsViewController.m */,
				47B9461213A1455C001326FC /* Defines.h */,
				47B9465C13A16BA2001326FC /* Globals.h */,
				47B9465D13A16BA2001326FC /* Globals.m */,
				47807F0713A4F112004078EB /* IndicatorViewController.h */,
				47807F0813A4F112004078EB /* IndicatorViewController.m */,
				4738B52613AB2B0800BD5B67 /* RegistrationViewController.h */,
				4738B52713AB2B0800BD5B67 /* RegistrationViewController.m */,
				4787ACF813BF89BC0074CBDA /* AccountTabController.h */,
				4787ACF913BF89BC0074CBDA /* AccountTabController.m */,
				47B383CE13C0FCFD00D34E27 /* CreateStatViewController.h */,
				47B383CF13C0FCFD00D34E27 /* CreateStatViewController.m */,
			);
			path = Classes;
			sourceTree = "<group>";
		};
		19C28FACFE9D520D11CA2CBB /* Products */ = {
			isa = PBXGroup;
			children = (
				1D6058910D05DD3D006BFB54 /* StatDiary.app */,
			);
			name = Products;
			sourceTree = "<group>";
		};
		29B97314FDCFA39411CA2CEA /* CustomTemplate */ = {
			isa = PBXGroup;
			children = (
				080E96DDFE201D6D7F000001 /* Classes */,
				29B97315FDCFA39411CA2CEA /* Other Sources */,
				29B97317FDCFA39411CA2CEA /* Resources */,
				29B97323FDCFA39411CA2CEA /* Frameworks */,
				19C28FACFE9D520D11CA2CBB /* Products */,
			);
			name = CustomTemplate;
			sourceTree = "<group>";
		};
		29B97315FDCFA39411CA2CEA /* Other Sources */ = {
			isa = PBXGroup;
			children = (
				32CA4F630368D1EE00C91783 /* StatDiary_Prefix.pch */,
				29B97316FDCFA39411CA2CEA /* main.m */,
			);
			name = "Other Sources";
			sourceTree = "<group>";
		};
		29B97317FDCFA39411CA2CEA /* Resources */ = {
			isa = PBXGroup;
			children = (
				47F81CA913C2595F004DAB24 /* bgr_reg.png */,
				47F81CA713C25413004DAB24 /* bgr_login.png */,
				47F81CA513C25028004DAB24 /* bgr_add.png */,
				4738B52313AB29C900BD5B67 /* 54-lock.png */,
				4738B52113AB298700BD5B67 /* Icon.png */,
				4738B51F13AB297700BD5B67 /* 111-user.png */,
				47807FA913A50588004078EB /* whiteButton.png */,
				47807FA513A50476004078EB /* bgr_entry.png */,
				47807F8F13A4FA4D004078EB /* bgr.png */,
				47807F0E13A4F1BB004078EB /* IndicatorBgr.png */,
				28AD733E0D9D9553002E5188 /* MainWindow.xib */,
				8D1107310486CEB800E47090 /* StatDiary-Info.plist */,
				4733D1F1139D466B006941EC /* LoginView.xib */,
				4787F45213A2BDF9002B9636 /* StatDetailsView.xib */,
				47807F0A13A4F121004078EB /* IndicatorView.xib */,
				4738B52913AB2B1E00BD5B67 /* RegistrationView.xib */,
				47B383D113C0FD1800D34E27 /* CreateStatView.xib */,
			);
			name = Resources;
			sourceTree = "<group>";
		};
		29B97323FDCFA39411CA2CEA /* Frameworks */ = {
			isa = PBXGroup;
			children = (
				1DF5F4DF0D08C38300B7A737 /* UIKit.framework */,
				1D30AB110D05D00D00671497 /* Foundation.framework */,
				288765FC0DF74451002DB57D /* CoreGraphics.framework */,
			);
			name = Frameworks;
			sourceTree = "<group>";
		};
		4733D24D139D7347006941EC /* XMLRPC */ = {
			isa = PBXGroup;
			children = (
				4733D24F139D7363006941EC /* NSDataAdditions.h */,
				4733D250139D7363006941EC /* NSDataAdditions.m */,
				4733D251139D7363006941EC /* NSStringAdditions.h */,
				4733D252139D7363006941EC /* NSStringAdditions.m */,
				4733D253139D7363006941EC /* XMLRPCConnectionDelegate.h */,
				4733D254139D7363006941EC /* XMLRPC.h */,
				4733D255139D7363006941EC /* XMLRPCConnection.h */,
				4733D256139D7363006941EC /* XMLRPCConnection.m */,
				4733D257139D7363006941EC /* XMLRPCConnectionManager.h */,
				4733D258139D7363006941EC /* XMLRPCConnectionManager.m */,
				4733D259139D7363006941EC /* XMLRPCEncoder.h */,
				4733D25A139D7363006941EC /* XMLRPCEncoder.m */,
				4733D25B139D7363006941EC /* XMLRPCEventBasedParser.h */,
				4733D25C139D7363006941EC /* XMLRPCEventBasedParser.m */,
				4733D25D139D7363006941EC /* XMLRPCEventBasedParserDelegate.h */,
				4733D25E139D7363006941EC /* XMLRPCEventBasedParserDelegate.m */,
				4733D25F139D7363006941EC /* XMLRPCRequest.h */,
				4733D260139D7363006941EC /* XMLRPCRequest.m */,
				4733D261139D7363006941EC /* XMLRPCResponse.h */,
				4733D262139D7363006941EC /* XMLRPCResponse.m */,
			);
			name = XMLRPC;
			sourceTree = "<group>";
		};
/* End PBXGroup section */

/* Begin PBXNativeTarget section */
		1D6058900D05DD3D006BFB54 /* StatDiary */ = {
			isa = PBXNativeTarget;
			buildConfigurationList = 1D6058960D05DD3E006BFB54 /* Build configuration list for PBXNativeTarget "StatDiary" */;
			buildPhases = (
				1D60588D0D05DD3D006BFB54 /* Resources */,
				1D60588E0D05DD3D006BFB54 /* Sources */,
				1D60588F0D05DD3D006BFB54 /* Frameworks */,
			);
			buildRules = (
			);
			dependencies = (
			);
			name = StatDiary;
			productName = StatDiary;
			productReference = 1D6058910D05DD3D006BFB54 /* StatDiary.app */;
			productType = "com.apple.product-type.application";
		};
/* End PBXNativeTarget section */

/* Begin PBXProject section */
		29B97313FDCFA39411CA2CEA /* Project object */ = {
			isa = PBXProject;
			buildConfigurationList = C01FCF4E08A954540054247B /* Build configuration list for PBXProject "StatDiary" */;
			compatibilityVersion = "Xcode 3.1";
			developmentRegion = English;
			hasScannedForEncodings = 1;
			knownRegions = (
				English,
				Japanese,
				French,
				German,
			);
			mainGroup = 29B97314FDCFA39411CA2CEA /* CustomTemplate */;
			projectDirPath = "";
			projectRoot = "";
			targets = (
				1D6058900D05DD3D006BFB54 /* StatDiary */,
			);
		};
/* End PBXProject section */

/* Begin PBXResourcesBuildPhase section */
		1D60588D0D05DD3D006BFB54 /* Resources */ = {
			isa = PBXResourcesBuildPhase;
			buildActionMask = 2147483647;
			files = (
				28AD733F0D9D9553002E5188 /* MainWindow.xib in Resources */,
				4733D1F2139D466B006941EC /* LoginView.xib in Resources */,
				4787F45313A2BDF9002B9636 /* StatDetailsView.xib in Resources */,
				47807F0B13A4F121004078EB /* IndicatorView.xib in Resources */,
				47807F0F13A4F1BB004078EB /* IndicatorBgr.png in Resources */,
				47807F9013A4FA4D004078EB /* bgr.png in Resources */,
				47807FA613A50476004078EB /* bgr_entry.png in Resources */,
				47807FAA13A50588004078EB /* whiteButton.png in Resources */,
				4738B52013AB297700BD5B67 /* 111-user.png in Resources */,
				4738B52213AB298700BD5B67 /* Icon.png in Resources */,
				4738B52413AB29C900BD5B67 /* 54-lock.png in Resources */,
				4738B52A13AB2B1E00BD5B67 /* RegistrationView.xib in Resources */,
				47B383D213C0FD1800D34E27 /* CreateStatView.xib in Resources */,
				47F81CA613C25028004DAB24 /* bgr_add.png in Resources */,
				47F81CA813C25413004DAB24 /* bgr_login.png in Resources */,
				47F81CAA13C2595F004DAB24 /* bgr_reg.png in Resources */,
			);
			runOnlyForDeploymentPostprocessing = 0;
		};
/* End PBXResourcesBuildPhase section */

/* Begin PBXSourcesBuildPhase section */
		1D60588E0D05DD3D006BFB54 /* Sources */ = {
			isa = PBXSourcesBuildPhase;
			buildActionMask = 2147483647;
			files = (
				1D60589B0D05DD56006BFB54 /* main.m in Sources */,
				1D3623260D0F684500981E51 /* StatDiaryAppDelegate.m in Sources */,
				4733D1F0139D465E006941EC /* LoginViewController.m in Sources */,
				4733D263139D7363006941EC /* NSDataAdditions.m in Sources */,
				4733D264139D7363006941EC /* NSStringAdditions.m in Sources */,
				4733D265139D7363006941EC /* XMLRPCConnection.m in Sources */,
				4733D266139D7363006941EC /* XMLRPCConnectionManager.m in Sources */,
				4733D267139D7363006941EC /* XMLRPCEncoder.m in Sources */,
				4733D268139D7363006941EC /* XMLRPCEventBasedParser.m in Sources */,
				4733D269139D7363006941EC /* XMLRPCEventBasedParserDelegate.m in Sources */,
				4733D26A139D7363006941EC /* XMLRPCRequest.m in Sources */,
				4733D26B139D7363006941EC /* XMLRPCResponse.m in Sources */,
				4732D621139F407000CADBB3 /* MyDataNavigationController.m in Sources */,
				4732D624139F43AD00CADBB3 /* StatListController.m in Sources */,
				47B9465E13A16BA2001326FC /* Globals.m in Sources */,
				4787F45013A2BDD2002B9636 /* StatDetailsViewController.m in Sources */,
				47807F0913A4F112004078EB /* IndicatorViewController.m in Sources */,
				4738B52813AB2B0800BD5B67 /* RegistrationViewController.m in Sources */,
				4787ACFA13BF89BC0074CBDA /* AccountTabController.m in Sources */,
				47B383D013C0FCFD00D34E27 /* CreateStatViewController.m in Sources */,
			);
			runOnlyForDeploymentPostprocessing = 0;
		};
/* End PBXSourcesBuildPhase section */

/* Begin XCBuildConfiguration section */
		1D6058940D05DD3E006BFB54 /* Debug */ = {
			isa = XCBuildConfiguration;
			buildSettings = {
				ALWAYS_SEARCH_USER_PATHS = NO;
				COPY_PHASE_STRIP = NO;
				GCC_DYNAMIC_NO_PIC = NO;
				GCC_OPTIMIZATION_LEVEL = 0;
				GCC_PRECOMPILE_PREFIX_HEADER = YES;
				GCC_PREFIX_HEADER = StatDiary_Prefix.pch;
				HEADER_SEARCH_PATHS = "/Users/itarato/Downloads/CHECKOUT/xmlrpc/**";
				INFOPLIST_FILE = "StatDiary-Info.plist";
				PRODUCT_NAME = StatDiary;
			};
			name = Debug;
		};
		1D6058950D05DD3E006BFB54 /* Release */ = {
			isa = XCBuildConfiguration;
			buildSettings = {
				ALWAYS_SEARCH_USER_PATHS = NO;
				COPY_PHASE_STRIP = YES;
				GCC_PRECOMPILE_PREFIX_HEADER = YES;
				GCC_PREFIX_HEADER = StatDiary_Prefix.pch;
				HEADER_SEARCH_PATHS = "/Users/itarato/Downloads/CHECKOUT/xmlrpc/**";
				INFOPLIST_FILE = "StatDiary-Info.plist";
				PRODUCT_NAME = StatDiary;
				VALIDATE_PRODUCT = YES;
			};
			name = Release;
		};
		C01FCF4F08A954540054247B /* Debug */ = {
			isa = XCBuildConfiguration;
			buildSettings = {
				ARCHS = "$(ARCHS_STANDARD_32_BIT)";
				"CODE_SIGN_IDENTITY[sdk=iphoneos*]" = "iPhone Developer: Peter Arato (P8R953S5HA)";
				GCC_C_LANGUAGE_STANDARD = c99;
				GCC_WARN_ABOUT_RETURN_TYPE = YES;
				GCC_WARN_UNUSED_VARIABLE = YES;
				HEADER_SEARCH_PATHS = "/Users/itarato/Downloads/CHECKOUT/xmlrpc/XMLRPC/**";
				PREBINDING = NO;
				"PROVISIONING_PROFILE[sdk=iphoneos*]" = "44716EC5-25A6-4DAA-957A-02AADF806ABD";
				SDKROOT = iphoneos;
			};
			name = Debug;
		};
		C01FCF5008A954540054247B /* Release */ = {
			isa = XCBuildConfiguration;
			buildSettings = {
				ARCHS = "$(ARCHS_STANDARD_32_BIT)";
				"CODE_SIGN_IDENTITY[sdk=iphoneos*]" = "iPhone Developer: Peter Arato (P8R953S5HA)";
				GCC_C_LANGUAGE_STANDARD = c99;
				GCC_WARN_ABOUT_RETURN_TYPE = YES;
				GCC_WARN_UNUSED_VARIABLE = YES;
				HEADER_SEARCH_PATHS = "/Users/itarato/Downloads/CHECKOUT/xmlrpc/XMLRPC/**";
				OTHER_CFLAGS = "-DNS_BLOCK_ASSERTIONS=1";
				PREBINDING = NO;
				"PROVISIONING_PROFILE[sdk=iphoneos*]" = "44716EC5-25A6-4DAA-957A-02AADF806ABD";
				SDKROOT = iphoneos;
			};
			name = Release;
		};
/* End XCBuildConfiguration section */

/* Begin XCConfigurationList section */
		1D6058960D05DD3E006BFB54 /* Build configuration list for PBXNativeTarget "StatDiary" */ = {
			isa = XCConfigurationList;
			buildConfigurations = (
				1D6058940D05DD3E006BFB54 /* Debug */,
				1D6058950D05DD3E006BFB54 /* Release */,
			);
			defaultConfigurationIsVisible = 0;
			defaultConfigurationName = Release;
		};
		C01FCF4E08A954540054247B /* Build configuration list for PBXProject "StatDiary" */ = {
			isa = XCConfigurationList;
			buildConfigurations = (
				C01FCF4F08A954540054247B /* Debug */,
				C01FCF5008A954540054247B /* Release */,
			);
			defaultConfigurationIsVisible = 0;
			defaultConfigurationName = Release;
		};
/* End XCConfigurationList section */
	};
	rootObject = 29B97313FDCFA39411CA2CEA /* Project object */;
}
