// !$*UTF8*$!
{
	archiveVersion = 1;
	classes = {
	};
	objectVersion = 46;
	objects = {

/* Begin PBXBuildFile section */
		1D3623260D0F684500981E51 /* StatDiaryAppDelegate.m in Sources */ = {isa = PBXBuildFile; fileRef = 1D3623250D0F684500981E51 /* StatDiaryAppDelegate.m */; };
		1D60589B0D05DD56006BFB54 /* main.m in Sources */ = {isa = PBXBuildFile; fileRef = 29B97316FDCFA39411CA2CEA /* main.m */; };
		1D60589F0D05DD5A006BFB54 /* Foundation.framework in Frameworks */ = {isa = PBXBuildFile; fileRef = 1D30AB110D05D00D00671497 /* Foundation.framework */; };
		1DF5F4E00D08C38300B7A737 /* UIKit.framework in Frameworks */ = {isa = PBXBuildFile; fileRef = 1DF5F4DF0D08C38300B7A737 /* UIKit.framework */; };
		288765FD0DF74451002DB57D /* CoreGraphics.framework in Frameworks */ = {isa = PBXBuildFile; fileRef = 288765FC0DF74451002DB57D /* CoreGraphics.framework */; };
		28AD733F0D9D9553002E5188 /* MainWindow.xib in Resources */ = {isa = PBXBuildFile; fileRef = 28AD733E0D9D9553002E5188 /* MainWindow.xib */; };
		4726AE6A15A4D3800045358C /* StatGraphHostingView.m in Sources */ = {isa = PBXBuildFile; fileRef = 4726AE6915A4D3800045358C /* StatGraphHostingView.m */; };
		4732D621139F407000CADBB3 /* StatNavigationController.m in Sources */ = {isa = PBXBuildFile; fileRef = 4732D620139F407000CADBB3 /* StatNavigationController.m */; };
		4732D624139F43AD00CADBB3 /* StatListController.m in Sources */ = {isa = PBXBuildFile; fileRef = 4732D623139F43AD00CADBB3 /* StatListController.m */; };
		4733D1F2139D466B006941EC /* WelcomeView.xib in Resources */ = {isa = PBXBuildFile; fileRef = 4733D1F1139D466B006941EC /* WelcomeView.xib */; };
		4738B52813AB2B0800BD5B67 /* RegistrationViewController.m in Sources */ = {isa = PBXBuildFile; fileRef = 4738B52713AB2B0800BD5B67 /* RegistrationViewController.m */; };
		4738B52A13AB2B1E00BD5B67 /* RegistrationView.xib in Resources */ = {isa = PBXBuildFile; fileRef = 4738B52913AB2B1E00BD5B67 /* RegistrationView.xib */; };
		473B0A72153B1A5D009267FD /* Default.png in Resources */ = {isa = PBXBuildFile; fileRef = 473B0A71153B1A5D009267FD /* Default.png */; };
		473B0A76153B1A71009267FD /* bgr_welcome.png in Resources */ = {isa = PBXBuildFile; fileRef = 473B0A74153B1A71009267FD /* bgr_welcome.png */; };
		473B0A78153B1E88009267FD /* bgr_welcome@2x.png in Resources */ = {isa = PBXBuildFile; fileRef = 473B0A77153B1E88009267FD /* bgr_welcome@2x.png */; };
		473B0A7A153B1E93009267FD /* Default@2x.png in Resources */ = {isa = PBXBuildFile; fileRef = 473B0A79153B1E93009267FD /* Default@2x.png */; };
		47457D8C15B4B98600265A6F /* button_blue.png in Resources */ = {isa = PBXBuildFile; fileRef = 47457D8515B4B98600265A6F /* button_blue.png */; };
		47457D8D15B4B98600265A6F /* button_blue@2x.png in Resources */ = {isa = PBXBuildFile; fileRef = 47457D8615B4B98600265A6F /* button_blue@2x.png */; };
		47457D8E15B4B98600265A6F /* button_green.png in Resources */ = {isa = PBXBuildFile; fileRef = 47457D8715B4B98600265A6F /* button_green.png */; };
		47457D8F15B4B98600265A6F /* button_green@2x.png in Resources */ = {isa = PBXBuildFile; fileRef = 47457D8815B4B98600265A6F /* button_green@2x.png */; };
		47457D9015B4B98600265A6F /* button_red.png in Resources */ = {isa = PBXBuildFile; fileRef = 47457D8915B4B98600265A6F /* button_red.png */; };
		47457D9115B4B98600265A6F /* button_red@2x.png in Resources */ = {isa = PBXBuildFile; fileRef = 47457D8A15B4B98600265A6F /* button_red@2x.png */; };
		47457D9215B4B98600265A6F /* navbar_bgr.png in Resources */ = {isa = PBXBuildFile; fileRef = 47457D8B15B4B98600265A6F /* navbar_bgr.png */; };
		474D1BB714634FB2007F7875 /* AsynchronImageLoader.m in Sources */ = {isa = PBXBuildFile; fileRef = 474D1BB614634FB2007F7875 /* AsynchronImageLoader.m */; };
		474FF14D14D0B05700781A91 /* StatCardViewController.m in Sources */ = {isa = PBXBuildFile; fileRef = 474FF14C14D0B05700781A91 /* StatCardViewController.m */; };
		474FF14F14D0B0AC00781A91 /* StatCardView.xib in Resources */ = {isa = PBXBuildFile; fileRef = 474FF14E14D0B0AC00781A91 /* StatCardView.xib */; };
		476B1692154F0F96005E6E4C /* Icon-72.png in Resources */ = {isa = PBXBuildFile; fileRef = 476B168D154F0F95005E6E4C /* Icon-72.png */; };
		476B1693154F0F96005E6E4C /* Icon-Small-50.png in Resources */ = {isa = PBXBuildFile; fileRef = 476B168E154F0F95005E6E4C /* Icon-Small-50.png */; };
		476B1694154F0F96005E6E4C /* Icon-Small.png in Resources */ = {isa = PBXBuildFile; fileRef = 476B168F154F0F96005E6E4C /* Icon-Small.png */; };
		476B1695154F0F96005E6E4C /* Icon-Small@2x.png in Resources */ = {isa = PBXBuildFile; fileRef = 476B1690154F0F96005E6E4C /* Icon-Small@2x.png */; };
		476B1696154F0F96005E6E4C /* iTunesArtwork.png in Resources */ = {isa = PBXBuildFile; fileRef = 476B1691154F0F96005E6E4C /* iTunesArtwork.png */; };
		476B1699154F1022005E6E4C /* Icon.png in Resources */ = {isa = PBXBuildFile; fileRef = 476B1697154F1021005E6E4C /* Icon.png */; };
		476B169A154F1022005E6E4C /* Icon@2x.png in Resources */ = {isa = PBXBuildFile; fileRef = 476B1698154F1022005E6E4C /* Icon@2x.png */; };
		477B29F816F60D5A00EF74D1 /* XMLRPC.framework in Frameworks */ = {isa = PBXBuildFile; fileRef = 477B29F716F60D5A00EF74D1 /* XMLRPC.framework */; };
		477B29FA16F60DB000EF74D1 /* libXMLRPC.a in Frameworks */ = {isa = PBXBuildFile; fileRef = 477B29F916F60DB000EF74D1 /* libXMLRPC.a */; };
		47807F0913A4F112004078EB /* IndicatorViewController.m in Sources */ = {isa = PBXBuildFile; fileRef = 47807F0813A4F112004078EB /* IndicatorViewController.m */; };
		47807F0B13A4F121004078EB /* IndicatorView.xib in Resources */ = {isa = PBXBuildFile; fileRef = 47807F0A13A4F121004078EB /* IndicatorView.xib */; };
		47807F0F13A4F1BB004078EB /* IndicatorBgr.png in Resources */ = {isa = PBXBuildFile; fileRef = 47807F0E13A4F1BB004078EB /* IndicatorBgr.png */; };
		4787ACFA13BF89BC0074CBDA /* WelcomeViewController.m in Sources */ = {isa = PBXBuildFile; fileRef = 4787ACF913BF89BC0074CBDA /* WelcomeViewController.m */; };
		4787F45013A2BDD2002B9636 /* StatDetailsViewController.m in Sources */ = {isa = PBXBuildFile; fileRef = 4787F44F13A2BDD2002B9636 /* StatDetailsViewController.m */; };
		4787F45313A2BDF9002B9636 /* StatDetailsView.xib in Resources */ = {isa = PBXBuildFile; fileRef = 4787F45213A2BDF9002B9636 /* StatDetailsView.xib */; };
		47977D5D14366D5F00F55E1B /* XMLRPCRequestExtended.m in Sources */ = {isa = PBXBuildFile; fileRef = 47977D5C14366D5F00F55E1B /* XMLRPCRequestExtended.m */; };
		479AEC1116BE9DCD009A8C2F /* libCorePlot-CocoaTouch.a in Frameworks */ = {isa = PBXBuildFile; fileRef = 479AEC1016BE9DCD009A8C2F /* libCorePlot-CocoaTouch.a */; };
		47A2196D1460032100F31F91 /* StatListView.xib in Resources */ = {isa = PBXBuildFile; fileRef = 47A2196C1460032100F31F91 /* StatListView.xib */; };
		47A8C08F14310B97001F588E /* AccountNavigationController.m in Sources */ = {isa = PBXBuildFile; fileRef = 47A8C08E14310B97001F588E /* AccountNavigationController.m */; };
		47AAA96314D21A9B00AA870E /* EntryInfoCell.xib in Resources */ = {isa = PBXBuildFile; fileRef = 47AAA96214D21A9B00AA870E /* EntryInfoCell.xib */; };
		47AAA96614D21BCA00AA870E /* EntryInfoCell.m in Sources */ = {isa = PBXBuildFile; fileRef = 47AAA96514D21BCA00AA870E /* EntryInfoCell.m */; };
		47B383D013C0FCFD00D34E27 /* CreateStatViewController.m in Sources */ = {isa = PBXBuildFile; fileRef = 47B383CF13C0FCFD00D34E27 /* CreateStatViewController.m */; };
		47B383D213C0FD1800D34E27 /* CreateStatView.xib in Resources */ = {isa = PBXBuildFile; fileRef = 47B383D113C0FD1800D34E27 /* CreateStatView.xib */; };
		47B9465E13A16BA2001326FC /* Globals.m in Sources */ = {isa = PBXBuildFile; fileRef = 47B9465D13A16BA2001326FC /* Globals.m */; };
		47BEADB81533810E00F2C34D /* NSStringAdditions.m in Sources */ = {isa = PBXBuildFile; fileRef = 47BEADB61533810D00F2C34D /* NSStringAdditions.m */; };
		47E39FE5153A12EE00EAC885 /* IndicatorBgr@2x.png in Resources */ = {isa = PBXBuildFile; fileRef = 47E39FE4153A12EE00EAC885 /* IndicatorBgr@2x.png */; };
		47E39FF4153A36A400EAC885 /* StatListView.m in Sources */ = {isa = PBXBuildFile; fileRef = 47E39FF3153A36A400EAC885 /* StatListView.m */; };
		47E39FF6153A46F800EAC885 /* card_table_shadow.png in Resources */ = {isa = PBXBuildFile; fileRef = 47E39FF5153A46F800EAC885 /* card_table_shadow.png */; };
		47E39FF8153A47B500EAC885 /* card_table_shadow_rotated.png in Resources */ = {isa = PBXBuildFile; fileRef = 47E39FF7153A47B500EAC885 /* card_table_shadow_rotated.png */; };
		47E39FFA153A4C1600EAC885 /* card_delete.png in Resources */ = {isa = PBXBuildFile; fileRef = 47E39FF9153A4C1500EAC885 /* card_delete.png */; };
		47E565B7159F86DD0024C8BE /* QuartzCore.framework in Frameworks */ = {isa = PBXBuildFile; fileRef = 47E565B6159F86DD0024C8BE /* QuartzCore.framework */; };
/* End PBXBuildFile section */

/* Begin PBXContainerItemProxy section */
		479AEC0D16BE9D85009A8C2F /* PBXContainerItemProxy */ = {
			isa = PBXContainerItemProxy;
			containerPortal = 479AEC0716BE9D84009A8C2F /* CorePlot-CocoaTouch.xcodeproj */;
			proxyType = 2;
			remoteGlobalIDString = BC9B83470FB8A0A40035D8DA;
			remoteInfo = "CorePlot-CocoaTouch";
		};
/* End PBXContainerItemProxy section */

/* Begin PBXFileReference section */
		1D30AB110D05D00D00671497 /* Foundation.framework */ = {isa = PBXFileReference; lastKnownFileType = wrapper.framework; name = Foundation.framework; path = System/Library/Frameworks/Foundation.framework; sourceTree = SDKROOT; };
		1D3623240D0F684500981E51 /* StatDiaryAppDelegate.h */ = {isa = PBXFileReference; fileEncoding = 4; lastKnownFileType = sourcecode.c.h; path = StatDiaryAppDelegate.h; sourceTree = "<group>"; };
		1D3623250D0F684500981E51 /* StatDiaryAppDelegate.m */ = {isa = PBXFileReference; fileEncoding = 4; lastKnownFileType = sourcecode.c.objc; path = StatDiaryAppDelegate.m; sourceTree = "<group>"; };
		1D6058910D05DD3D006BFB54 /* StatDiary.app */ = {isa = PBXFileReference; explicitFileType = wrapper.application; includeInIndex = 0; path = StatDiary.app; sourceTree = BUILT_PRODUCTS_DIR; };
		1DF5F4DF0D08C38300B7A737 /* UIKit.framework */ = {isa = PBXFileReference; lastKnownFileType = wrapper.framework; name = UIKit.framework; path = System/Library/Frameworks/UIKit.framework; sourceTree = SDKROOT; };
		288765FC0DF74451002DB57D /* CoreGraphics.framework */ = {isa = PBXFileReference; lastKnownFileType = wrapper.framework; name = CoreGraphics.framework; path = System/Library/Frameworks/CoreGraphics.framework; sourceTree = SDKROOT; };
		28AD733E0D9D9553002E5188 /* MainWindow.xib */ = {isa = PBXFileReference; lastKnownFileType = file.xib; path = MainWindow.xib; sourceTree = "<group>"; };
		29B97316FDCFA39411CA2CEA /* main.m */ = {isa = PBXFileReference; fileEncoding = 4; lastKnownFileType = sourcecode.c.objc; path = main.m; sourceTree = "<group>"; };
		32CA4F630368D1EE00C91783 /* StatDiary_Prefix.pch */ = {isa = PBXFileReference; fileEncoding = 4; lastKnownFileType = sourcecode.c.h; path = StatDiary_Prefix.pch; sourceTree = "<group>"; };
		4726AE6815A4D3800045358C /* StatGraphHostingView.h */ = {isa = PBXFileReference; fileEncoding = 4; lastKnownFileType = sourcecode.c.h; path = StatGraphHostingView.h; sourceTree = "<group>"; };
		4726AE6915A4D3800045358C /* StatGraphHostingView.m */ = {isa = PBXFileReference; fileEncoding = 4; lastKnownFileType = sourcecode.c.objc; path = StatGraphHostingView.m; sourceTree = "<group>"; };
		4732D61F139F407000CADBB3 /* StatNavigationController.h */ = {isa = PBXFileReference; fileEncoding = 4; lastKnownFileType = sourcecode.c.h; path = StatNavigationController.h; sourceTree = "<group>"; };
		4732D620139F407000CADBB3 /* StatNavigationController.m */ = {isa = PBXFileReference; fileEncoding = 4; lastKnownFileType = sourcecode.c.objc; path = StatNavigationController.m; sourceTree = "<group>"; };
		4732D622139F43AD00CADBB3 /* StatListController.h */ = {isa = PBXFileReference; fileEncoding = 4; lastKnownFileType = sourcecode.c.h; path = StatListController.h; sourceTree = "<group>"; };
		4732D623139F43AD00CADBB3 /* StatListController.m */ = {isa = PBXFileReference; fileEncoding = 4; lastKnownFileType = sourcecode.c.objc; path = StatListController.m; sourceTree = "<group>"; };
		4733D1F1139D466B006941EC /* WelcomeView.xib */ = {isa = PBXFileReference; lastKnownFileType = file.xib; path = WelcomeView.xib; sourceTree = "<group>"; };
		4738B52613AB2B0800BD5B67 /* RegistrationViewController.h */ = {isa = PBXFileReference; fileEncoding = 4; lastKnownFileType = sourcecode.c.h; path = RegistrationViewController.h; sourceTree = "<group>"; };
		4738B52713AB2B0800BD5B67 /* RegistrationViewController.m */ = {isa = PBXFileReference; fileEncoding = 4; lastKnownFileType = sourcecode.c.objc; path = RegistrationViewController.m; sourceTree = "<group>"; };
		4738B52913AB2B1E00BD5B67 /* RegistrationView.xib */ = {isa = PBXFileReference; lastKnownFileType = file.xib; path = RegistrationView.xib; sourceTree = "<group>"; };
		473B0A71153B1A5D009267FD /* Default.png */ = {isa = PBXFileReference; lastKnownFileType = image.png; path = Default.png; sourceTree = "<group>"; };
		473B0A74153B1A71009267FD /* bgr_welcome.png */ = {isa = PBXFileReference; lastKnownFileType = image.png; path = bgr_welcome.png; sourceTree = "<group>"; };
		473B0A77153B1E88009267FD /* bgr_welcome@2x.png */ = {isa = PBXFileReference; lastKnownFileType = image.png; path = "bgr_welcome@2x.png"; sourceTree = "<group>"; };
		473B0A79153B1E93009267FD /* Default@2x.png */ = {isa = PBXFileReference; lastKnownFileType = image.png; path = "Default@2x.png"; sourceTree = "<group>"; };
		47457D8515B4B98600265A6F /* button_blue.png */ = {isa = PBXFileReference; lastKnownFileType = image.png; path = button_blue.png; sourceTree = "<group>"; };
		47457D8615B4B98600265A6F /* button_blue@2x.png */ = {isa = PBXFileReference; lastKnownFileType = image.png; path = "button_blue@2x.png"; sourceTree = "<group>"; };
		47457D8715B4B98600265A6F /* button_green.png */ = {isa = PBXFileReference; lastKnownFileType = image.png; path = button_green.png; sourceTree = "<group>"; };
		47457D8815B4B98600265A6F /* button_green@2x.png */ = {isa = PBXFileReference; lastKnownFileType = image.png; path = "button_green@2x.png"; sourceTree = "<group>"; };
		47457D8915B4B98600265A6F /* button_red.png */ = {isa = PBXFileReference; lastKnownFileType = image.png; path = button_red.png; sourceTree = "<group>"; };
		47457D8A15B4B98600265A6F /* button_red@2x.png */ = {isa = PBXFileReference; lastKnownFileType = image.png; path = "button_red@2x.png"; sourceTree = "<group>"; };
		47457D8B15B4B98600265A6F /* navbar_bgr.png */ = {isa = PBXFileReference; lastKnownFileType = image.png; path = navbar_bgr.png; sourceTree = "<group>"; };
		474D1BB514634FB2007F7875 /* AsynchronImageLoader.h */ = {isa = PBXFileReference; fileEncoding = 4; lastKnownFileType = sourcecode.c.h; path = AsynchronImageLoader.h; sourceTree = "<group>"; };
		474D1BB614634FB2007F7875 /* AsynchronImageLoader.m */ = {isa = PBXFileReference; fileEncoding = 4; lastKnownFileType = sourcecode.c.objc; path = AsynchronImageLoader.m; sourceTree = "<group>"; };
		474FF14B14D0B05700781A91 /* StatCardViewController.h */ = {isa = PBXFileReference; fileEncoding = 4; lastKnownFileType = sourcecode.c.h; path = StatCardViewController.h; sourceTree = "<group>"; };
		474FF14C14D0B05700781A91 /* StatCardViewController.m */ = {isa = PBXFileReference; fileEncoding = 4; lastKnownFileType = sourcecode.c.objc; path = StatCardViewController.m; sourceTree = "<group>"; };
		474FF14E14D0B0AC00781A91 /* StatCardView.xib */ = {isa = PBXFileReference; fileEncoding = 4; lastKnownFileType = file.xib; path = StatCardView.xib; sourceTree = "<group>"; };
		4757A1261438703800E49445 /* StatDiary.entitlements */ = {isa = PBXFileReference; lastKnownFileType = text.xml; path = StatDiary.entitlements; sourceTree = "<group>"; };
		476B168D154F0F95005E6E4C /* Icon-72.png */ = {isa = PBXFileReference; lastKnownFileType = image.png; path = "Icon-72.png"; sourceTree = "<group>"; };
		476B168E154F0F95005E6E4C /* Icon-Small-50.png */ = {isa = PBXFileReference; lastKnownFileType = image.png; path = "Icon-Small-50.png"; sourceTree = "<group>"; };
		476B168F154F0F96005E6E4C /* Icon-Small.png */ = {isa = PBXFileReference; lastKnownFileType = image.png; path = "Icon-Small.png"; sourceTree = "<group>"; };
		476B1690154F0F96005E6E4C /* Icon-Small@2x.png */ = {isa = PBXFileReference; lastKnownFileType = image.png; path = "Icon-Small@2x.png"; sourceTree = "<group>"; };
		476B1691154F0F96005E6E4C /* iTunesArtwork.png */ = {isa = PBXFileReference; lastKnownFileType = image.png; path = iTunesArtwork.png; sourceTree = "<group>"; };
		476B1697154F1021005E6E4C /* Icon.png */ = {isa = PBXFileReference; lastKnownFileType = image.png; path = Icon.png; sourceTree = "<group>"; };
		476B1698154F1022005E6E4C /* Icon@2x.png */ = {isa = PBXFileReference; lastKnownFileType = image.png; path = "Icon@2x.png"; sourceTree = "<group>"; };
		477A20DC14D5BAA100E7658F /* StatCardDelegate.h */ = {isa = PBXFileReference; fileEncoding = 4; lastKnownFileType = sourcecode.c.h; path = StatCardDelegate.h; sourceTree = "<group>"; };
		477B29F716F60D5A00EF74D1 /* XMLRPC.framework */ = {isa = PBXFileReference; lastKnownFileType = wrapper.framework; name = XMLRPC.framework; path = "../../../Library/Developer/Xcode/DerivedData/XMLRPC-hjpfzwnhfwjloucodkxxqatdpnat/Build/Products/Development/XMLRPC.framework"; sourceTree = "<group>"; };
		477B29F916F60DB000EF74D1 /* libXMLRPC.a */ = {isa = PBXFileReference; lastKnownFileType = archive.ar; name = libXMLRPC.a; path = "../../../Library/Developer/Xcode/DerivedData/XMLRPC-hjpfzwnhfwjloucodkxxqatdpnat/Build/Products/Development-universal/libXMLRPC.a"; sourceTree = "<group>"; };
		47807F0713A4F112004078EB /* IndicatorViewController.h */ = {isa = PBXFileReference; fileEncoding = 4; lastKnownFileType = sourcecode.c.h; path = IndicatorViewController.h; sourceTree = "<group>"; };
		47807F0813A4F112004078EB /* IndicatorViewController.m */ = {isa = PBXFileReference; fileEncoding = 4; lastKnownFileType = sourcecode.c.objc; path = IndicatorViewController.m; sourceTree = "<group>"; };
		47807F0A13A4F121004078EB /* IndicatorView.xib */ = {isa = PBXFileReference; lastKnownFileType = file.xib; path = IndicatorView.xib; sourceTree = "<group>"; };
		47807F0E13A4F1BB004078EB /* IndicatorBgr.png */ = {isa = PBXFileReference; lastKnownFileType = image.png; path = IndicatorBgr.png; sourceTree = "<group>"; };
		4787ACF813BF89BC0074CBDA /* WelcomeViewController.h */ = {isa = PBXFileReference; fileEncoding = 4; lastKnownFileType = sourcecode.c.h; path = WelcomeViewController.h; sourceTree = "<group>"; };
		4787ACF913BF89BC0074CBDA /* WelcomeViewController.m */ = {isa = PBXFileReference; fileEncoding = 4; lastKnownFileType = sourcecode.c.objc; path = WelcomeViewController.m; sourceTree = "<group>"; };
		4787F44E13A2BDD2002B9636 /* StatDetailsViewController.h */ = {isa = PBXFileReference; fileEncoding = 4; lastKnownFileType = sourcecode.c.h; path = StatDetailsViewController.h; sourceTree = "<group>"; };
		4787F44F13A2BDD2002B9636 /* StatDetailsViewController.m */ = {isa = PBXFileReference; fileEncoding = 4; lastKnownFileType = sourcecode.c.objc; path = StatDetailsViewController.m; sourceTree = "<group>"; };
		4787F45213A2BDF9002B9636 /* StatDetailsView.xib */ = {isa = PBXFileReference; lastKnownFileType = file.xib; path = StatDetailsView.xib; sourceTree = "<group>"; };
		47977D5B14366D5F00F55E1B /* XMLRPCRequestExtended.h */ = {isa = PBXFileReference; fileEncoding = 4; lastKnownFileType = sourcecode.c.h; path = XMLRPCRequestExtended.h; sourceTree = "<group>"; };
		47977D5C14366D5F00F55E1B /* XMLRPCRequestExtended.m */ = {isa = PBXFileReference; fileEncoding = 4; lastKnownFileType = sourcecode.c.objc; path = XMLRPCRequestExtended.m; sourceTree = "<group>"; };
		479AEC0716BE9D84009A8C2F /* CorePlot-CocoaTouch.xcodeproj */ = {isa = PBXFileReference; lastKnownFileType = "wrapper.pb-project"; name = "CorePlot-CocoaTouch.xcodeproj"; path = "../../../Downloads/CorePlot_1.1/Source/framework/CorePlot-CocoaTouch.xcodeproj"; sourceTree = "<group>"; };
		479AEC1016BE9DCD009A8C2F /* libCorePlot-CocoaTouch.a */ = {isa = PBXFileReference; lastKnownFileType = archive.ar; path = "libCorePlot-CocoaTouch.a"; sourceTree = "<group>"; };
		47A2196C1460032100F31F91 /* StatListView.xib */ = {isa = PBXFileReference; fileEncoding = 4; lastKnownFileType = file.xib; path = StatListView.xib; sourceTree = "<group>"; };
		47A8C08D14310B97001F588E /* AccountNavigationController.h */ = {isa = PBXFileReference; fileEncoding = 4; lastKnownFileType = sourcecode.c.h; name = AccountNavigationController.h; path = ../AccountNavigationController.h; sourceTree = "<group>"; };
		47A8C08E14310B97001F588E /* AccountNavigationController.m */ = {isa = PBXFileReference; fileEncoding = 4; lastKnownFileType = sourcecode.c.objc; name = AccountNavigationController.m; path = ../AccountNavigationController.m; sourceTree = "<group>"; };
		47AAA96214D21A9B00AA870E /* EntryInfoCell.xib */ = {isa = PBXFileReference; fileEncoding = 4; lastKnownFileType = file.xib; path = EntryInfoCell.xib; sourceTree = "<group>"; };
		47AAA96414D21BCA00AA870E /* EntryInfoCell.h */ = {isa = PBXFileReference; fileEncoding = 4; lastKnownFileType = sourcecode.c.h; path = EntryInfoCell.h; sourceTree = "<group>"; };
		47AAA96514D21BCA00AA870E /* EntryInfoCell.m */ = {isa = PBXFileReference; fileEncoding = 4; lastKnownFileType = sourcecode.c.objc; path = EntryInfoCell.m; sourceTree = "<group>"; };
		47B383CE13C0FCFD00D34E27 /* CreateStatViewController.h */ = {isa = PBXFileReference; fileEncoding = 4; lastKnownFileType = sourcecode.c.h; path = CreateStatViewController.h; sourceTree = "<group>"; };
		47B383CF13C0FCFD00D34E27 /* CreateStatViewController.m */ = {isa = PBXFileReference; fileEncoding = 4; lastKnownFileType = sourcecode.c.objc; path = CreateStatViewController.m; sourceTree = "<group>"; };
		47B383D113C0FD1800D34E27 /* CreateStatView.xib */ = {isa = PBXFileReference; fileEncoding = 4; lastKnownFileType = file.xib; path = CreateStatView.xib; sourceTree = "<group>"; };
		47B9461213A1455C001326FC /* Defines.h */ = {isa = PBXFileReference; fileEncoding = 4; lastKnownFileType = sourcecode.c.h; path = Defines.h; sourceTree = "<group>"; };
		47B9465C13A16BA2001326FC /* Globals.h */ = {isa = PBXFileReference; fileEncoding = 4; lastKnownFileType = sourcecode.c.h; path = Globals.h; sourceTree = "<group>"; };
		47B9465D13A16BA2001326FC /* Globals.m */ = {isa = PBXFileReference; fileEncoding = 4; lastKnownFileType = sourcecode.c.objc; path = Globals.m; sourceTree = "<group>"; };
		47BEADB31533810D00F2C34D /* NSData+Base64.h */ = {isa = PBXFileReference; fileEncoding = 4; lastKnownFileType = sourcecode.c.h; path = "NSData+Base64.h"; sourceTree = "<group>"; };
		47BEADB41533810D00F2C34D /* NSData+Base64.m */ = {isa = PBXFileReference; fileEncoding = 4; lastKnownFileType = sourcecode.c.objc; path = "NSData+Base64.m"; sourceTree = "<group>"; };
		47BEADB51533810D00F2C34D /* NSStringAdditions.h */ = {isa = PBXFileReference; fileEncoding = 4; lastKnownFileType = sourcecode.c.h; path = NSStringAdditions.h; sourceTree = "<group>"; };
		47BEADB61533810D00F2C34D /* NSStringAdditions.m */ = {isa = PBXFileReference; fileEncoding = 4; lastKnownFileType = sourcecode.c.objc; path = NSStringAdditions.m; sourceTree = "<group>"; };
		47DB257816BE65C800C77B02 /* Default-568h@2x.png */ = {isa = PBXFileReference; lastKnownFileType = image.png; path = "Default-568h@2x.png"; sourceTree = "<group>"; };
		47E39FE4153A12EE00EAC885 /* IndicatorBgr@2x.png */ = {isa = PBXFileReference; lastKnownFileType = image.png; path = "IndicatorBgr@2x.png"; sourceTree = "<group>"; };
		47E39FF2153A36A400EAC885 /* StatListView.h */ = {isa = PBXFileReference; fileEncoding = 4; lastKnownFileType = sourcecode.c.h; path = StatListView.h; sourceTree = "<group>"; };
		47E39FF3153A36A400EAC885 /* StatListView.m */ = {isa = PBXFileReference; fileEncoding = 4; lastKnownFileType = sourcecode.c.objc; path = StatListView.m; sourceTree = "<group>"; };
		47E39FF5153A46F800EAC885 /* card_table_shadow.png */ = {isa = PBXFileReference; lastKnownFileType = image.png; path = card_table_shadow.png; sourceTree = "<group>"; };
		47E39FF7153A47B500EAC885 /* card_table_shadow_rotated.png */ = {isa = PBXFileReference; lastKnownFileType = image.png; path = card_table_shadow_rotated.png; sourceTree = "<group>"; };
		47E39FF9153A4C1500EAC885 /* card_delete.png */ = {isa = PBXFileReference; lastKnownFileType = image.png; path = card_delete.png; sourceTree = "<group>"; };
		47E565B6159F86DD0024C8BE /* QuartzCore.framework */ = {isa = PBXFileReference; lastKnownFileType = wrapper.framework; name = QuartzCore.framework; path = System/Library/Frameworks/QuartzCore.framework; sourceTree = SDKROOT; };
		8D1107310486CEB800E47090 /* StatDiary-Info.plist */ = {isa = PBXFileReference; fileEncoding = 4; lastKnownFileType = text.plist.xml; path = "StatDiary-Info.plist"; plistStructureDefinitionIdentifier = "com.apple.xcode.plist.structure-definition.iphone.info-plist"; sourceTree = "<group>"; };
/* End PBXFileReference section */

/* Begin PBXFrameworksBuildPhase section */
		1D60588F0D05DD3D006BFB54 /* Frameworks */ = {
			isa = PBXFrameworksBuildPhase;
			buildActionMask = 2147483647;
			files = (
				47E565B7159F86DD0024C8BE /* QuartzCore.framework in Frameworks */,
				1D60589F0D05DD5A006BFB54 /* Foundation.framework in Frameworks */,
				1DF5F4E00D08C38300B7A737 /* UIKit.framework in Frameworks */,
				288765FD0DF74451002DB57D /* CoreGraphics.framework in Frameworks */,
				479AEC1116BE9DCD009A8C2F /* libCorePlot-CocoaTouch.a in Frameworks */,
				477B29F816F60D5A00EF74D1 /* XMLRPC.framework in Frameworks */,
				477B29FA16F60DB000EF74D1 /* libXMLRPC.a in Frameworks */,
			);
			runOnlyForDeploymentPostprocessing = 0;
		};
/* End PBXFrameworksBuildPhase section */

/* Begin PBXGroup section */
		080E96DDFE201D6D7F000001 /* Classes */ = {
			isa = PBXGroup;
			children = (
				47A8C08D14310B97001F588E /* AccountNavigationController.h */,
				47A8C08E14310B97001F588E /* AccountNavigationController.m */,
				474D1BB514634FB2007F7875 /* AsynchronImageLoader.h */,
				474D1BB614634FB2007F7875 /* AsynchronImageLoader.m */,
				47B383CE13C0FCFD00D34E27 /* CreateStatViewController.h */,
				47B383CF13C0FCFD00D34E27 /* CreateStatViewController.m */,
				47B9461213A1455C001326FC /* Defines.h */,
				47AAA96414D21BCA00AA870E /* EntryInfoCell.h */,
				47AAA96514D21BCA00AA870E /* EntryInfoCell.m */,
				47B9465C13A16BA2001326FC /* Globals.h */,
				47B9465D13A16BA2001326FC /* Globals.m */,
				47807F0713A4F112004078EB /* IndicatorViewController.h */,
				47807F0813A4F112004078EB /* IndicatorViewController.m */,
				47BEADB31533810D00F2C34D /* NSData+Base64.h */,
				47BEADB41533810D00F2C34D /* NSData+Base64.m */,
				47BEADB51533810D00F2C34D /* NSStringAdditions.h */,
				47BEADB61533810D00F2C34D /* NSStringAdditions.m */,
				4738B52613AB2B0800BD5B67 /* RegistrationViewController.h */,
				4738B52713AB2B0800BD5B67 /* RegistrationViewController.m */,
				477A20DC14D5BAA100E7658F /* StatCardDelegate.h */,
				474FF14B14D0B05700781A91 /* StatCardViewController.h */,
				474FF14C14D0B05700781A91 /* StatCardViewController.m */,
				4787F44E13A2BDD2002B9636 /* StatDetailsViewController.h */,
				4787F44F13A2BDD2002B9636 /* StatDetailsViewController.m */,
				1D3623240D0F684500981E51 /* StatDiaryAppDelegate.h */,
				1D3623250D0F684500981E51 /* StatDiaryAppDelegate.m */,
				4732D622139F43AD00CADBB3 /* StatListController.h */,
				4732D623139F43AD00CADBB3 /* StatListController.m */,
				47E39FF2153A36A400EAC885 /* StatListView.h */,
				47E39FF3153A36A400EAC885 /* StatListView.m */,
				4732D61F139F407000CADBB3 /* StatNavigationController.h */,
				4732D620139F407000CADBB3 /* StatNavigationController.m */,
				4787ACF813BF89BC0074CBDA /* WelcomeViewController.h */,
				4787ACF913BF89BC0074CBDA /* WelcomeViewController.m */,
				47977D5B14366D5F00F55E1B /* XMLRPCRequestExtended.h */,
				47977D5C14366D5F00F55E1B /* XMLRPCRequestExtended.m */,
				4726AE6815A4D3800045358C /* StatGraphHostingView.h */,
				4726AE6915A4D3800045358C /* StatGraphHostingView.m */,
			);
			path = Classes;
			sourceTree = "<group>";
		};
		19C28FACFE9D520D11CA2CBB /* Products */ = {
			isa = PBXGroup;
			children = (
				1D6058910D05DD3D006BFB54 /* StatDiary.app */,
			);
			name = Products;
			sourceTree = "<group>";
		};
		29B97314FDCFA39411CA2CEA /* CustomTemplate */ = {
			isa = PBXGroup;
			children = (
				47DB257816BE65C800C77B02 /* Default-568h@2x.png */,
				080E96DDFE201D6D7F000001 /* Classes */,
				29B97323FDCFA39411CA2CEA /* Frameworks */,
				29B97315FDCFA39411CA2CEA /* Other Sources */,
				19C28FACFE9D520D11CA2CBB /* Products */,
				29B97317FDCFA39411CA2CEA /* Resources */,
				4757A1261438703800E49445 /* StatDiary.entitlements */,
			);
			indentWidth = 4;
			name = CustomTemplate;
			sourceTree = "<group>";
			tabWidth = 4;
		};
		29B97315FDCFA39411CA2CEA /* Other Sources */ = {
			isa = PBXGroup;
			children = (
				32CA4F630368D1EE00C91783 /* StatDiary_Prefix.pch */,
				29B97316FDCFA39411CA2CEA /* main.m */,
			);
			name = "Other Sources";
			sourceTree = "<group>";
		};
		29B97317FDCFA39411CA2CEA /* Resources */ = {
			isa = PBXGroup;
			children = (
				4755E052159EEAE600A85925 /* Images */,
				47B383D113C0FD1800D34E27 /* CreateStatView.xib */,
				47AAA96214D21A9B00AA870E /* EntryInfoCell.xib */,
				47807F0A13A4F121004078EB /* IndicatorView.xib */,
				28AD733E0D9D9553002E5188 /* MainWindow.xib */,
				4738B52913AB2B1E00BD5B67 /* RegistrationView.xib */,
				474FF14E14D0B0AC00781A91 /* StatCardView.xib */,
				4787F45213A2BDF9002B9636 /* StatDetailsView.xib */,
				8D1107310486CEB800E47090 /* StatDiary-Info.plist */,
				47A2196C1460032100F31F91 /* StatListView.xib */,
				4733D1F1139D466B006941EC /* WelcomeView.xib */,
			);
			name = Resources;
			sourceTree = "<group>";
		};
		29B97323FDCFA39411CA2CEA /* Frameworks */ = {
			isa = PBXGroup;
			children = (
				477B29F916F60DB000EF74D1 /* libXMLRPC.a */,
				477B29F716F60D5A00EF74D1 /* XMLRPC.framework */,
				479AEC1016BE9DCD009A8C2F /* libCorePlot-CocoaTouch.a */,
				479AEC0716BE9D84009A8C2F /* CorePlot-CocoaTouch.xcodeproj */,
				47E565B6159F86DD0024C8BE /* QuartzCore.framework */,
				1DF5F4DF0D08C38300B7A737 /* UIKit.framework */,
				1D30AB110D05D00D00671497 /* Foundation.framework */,
				288765FC0DF74451002DB57D /* CoreGraphics.framework */,
			);
			name = Frameworks;
			sourceTree = "<group>";
		};
		4755E052159EEAE600A85925 /* Images */ = {
			isa = PBXGroup;
			children = (
				47457D8515B4B98600265A6F /* button_blue.png */,
				47457D8615B4B98600265A6F /* button_blue@2x.png */,
				47457D8715B4B98600265A6F /* button_green.png */,
				47457D8815B4B98600265A6F /* button_green@2x.png */,
				47457D8915B4B98600265A6F /* button_red.png */,
				47457D8A15B4B98600265A6F /* button_red@2x.png */,
				47457D8B15B4B98600265A6F /* navbar_bgr.png */,
				473B0A74153B1A71009267FD /* bgr_welcome.png */,
				473B0A77153B1E88009267FD /* bgr_welcome@2x.png */,
				47E39FF9153A4C1500EAC885 /* card_delete.png */,
				47E39FF5153A46F800EAC885 /* card_table_shadow.png */,
				47E39FF7153A47B500EAC885 /* card_table_shadow_rotated.png */,
				473B0A71153B1A5D009267FD /* Default.png */,
				473B0A79153B1E93009267FD /* Default@2x.png */,
				476B168D154F0F95005E6E4C /* Icon-72.png */,
				476B168E154F0F95005E6E4C /* Icon-Small-50.png */,
				476B168F154F0F96005E6E4C /* Icon-Small.png */,
				476B1690154F0F96005E6E4C /* Icon-Small@2x.png */,
				476B1697154F1021005E6E4C /* Icon.png */,
				476B1698154F1022005E6E4C /* Icon@2x.png */,
				47807F0E13A4F1BB004078EB /* IndicatorBgr.png */,
				47E39FE4153A12EE00EAC885 /* IndicatorBgr@2x.png */,
				476B1691154F0F96005E6E4C /* iTunesArtwork.png */,
			);
			name = Images;
			sourceTree = "<group>";
		};
		479AEC0816BE9D84009A8C2F /* Products */ = {
			isa = PBXGroup;
			children = (
				479AEC0E16BE9D85009A8C2F /* libCorePlot-CocoaTouch.a */,
			);
			name = Products;
			sourceTree = "<group>";
		};
/* End PBXGroup section */

/* Begin PBXNativeTarget section */
		1D6058900D05DD3D006BFB54 /* StatDiary */ = {
			isa = PBXNativeTarget;
			buildConfigurationList = 1D6058960D05DD3E006BFB54 /* Build configuration list for PBXNativeTarget "StatDiary" */;
			buildPhases = (
				1D60588E0D05DD3D006BFB54 /* Sources */,
				1D60588D0D05DD3D006BFB54 /* Resources */,
				1D60588F0D05DD3D006BFB54 /* Frameworks */,
			);
			buildRules = (
			);
			dependencies = (
			);
			name = StatDiary;
			productName = StatDiary;
			productReference = 1D6058910D05DD3D006BFB54 /* StatDiary.app */;
			productType = "com.apple.product-type.application";
		};
/* End PBXNativeTarget section */

/* Begin PBXProject section */
		29B97313FDCFA39411CA2CEA /* Project object */ = {
			isa = PBXProject;
			attributes = {
				LastUpgradeCheck = 0430;
				ORGANIZATIONNAME = itarato;
			};
			buildConfigurationList = C01FCF4E08A954540054247B /* Build configuration list for PBXProject "StatDiary" */;
			compatibilityVersion = "Xcode 3.2";
			developmentRegion = English;
			hasScannedForEncodings = 1;
			knownRegions = (
				English,
				Japanese,
				French,
				German,
			);
			mainGroup = 29B97314FDCFA39411CA2CEA /* CustomTemplate */;
			projectDirPath = "";
			projectReferences = (
				{
					ProductGroup = 479AEC0816BE9D84009A8C2F /* Products */;
					ProjectRef = 479AEC0716BE9D84009A8C2F /* CorePlot-CocoaTouch.xcodeproj */;
				},
			);
			projectRoot = "";
			targets = (
				1D6058900D05DD3D006BFB54 /* StatDiary */,
			);
		};
/* End PBXProject section */

/* Begin PBXReferenceProxy section */
		479AEC0E16BE9D85009A8C2F /* libCorePlot-CocoaTouch.a */ = {
			isa = PBXReferenceProxy;
			fileType = archive.ar;
			path = "libCorePlot-CocoaTouch.a";
			remoteRef = 479AEC0D16BE9D85009A8C2F /* PBXContainerItemProxy */;
			sourceTree = BUILT_PRODUCTS_DIR;
		};
/* End PBXReferenceProxy section */

/* Begin PBXResourcesBuildPhase section */
		1D60588D0D05DD3D006BFB54 /* Resources */ = {
			isa = PBXResourcesBuildPhase;
			buildActionMask = 2147483647;
			files = (
				28AD733F0D9D9553002E5188 /* MainWindow.xib in Resources */,
				4733D1F2139D466B006941EC /* WelcomeView.xib in Resources */,
				4787F45313A2BDF9002B9636 /* StatDetailsView.xib in Resources */,
				47807F0B13A4F121004078EB /* IndicatorView.xib in Resources */,
				47807F0F13A4F1BB004078EB /* IndicatorBgr.png in Resources */,
				4738B52A13AB2B1E00BD5B67 /* RegistrationView.xib in Resources */,
				47B383D213C0FD1800D34E27 /* CreateStatView.xib in Resources */,
				47A2196D1460032100F31F91 /* StatListView.xib in Resources */,
				474FF14F14D0B0AC00781A91 /* StatCardView.xib in Resources */,
				47AAA96314D21A9B00AA870E /* EntryInfoCell.xib in Resources */,
				47E39FE5153A12EE00EAC885 /* IndicatorBgr@2x.png in Resources */,
				47E39FF6153A46F800EAC885 /* card_table_shadow.png in Resources */,
				47E39FF8153A47B500EAC885 /* card_table_shadow_rotated.png in Resources */,
				47E39FFA153A4C1600EAC885 /* card_delete.png in Resources */,
				473B0A72153B1A5D009267FD /* Default.png in Resources */,
				473B0A76153B1A71009267FD /* bgr_welcome.png in Resources */,
				473B0A78153B1E88009267FD /* bgr_welcome@2x.png in Resources */,
				473B0A7A153B1E93009267FD /* Default@2x.png in Resources */,
				476B1692154F0F96005E6E4C /* Icon-72.png in Resources */,
				476B1693154F0F96005E6E4C /* Icon-Small-50.png in Resources */,
				476B1694154F0F96005E6E4C /* Icon-Small.png in Resources */,
				476B1695154F0F96005E6E4C /* Icon-Small@2x.png in Resources */,
				476B1696154F0F96005E6E4C /* iTunesArtwork.png in Resources */,
				476B1699154F1022005E6E4C /* Icon.png in Resources */,
				476B169A154F1022005E6E4C /* Icon@2x.png in Resources */,
				47457D8C15B4B98600265A6F /* button_blue.png in Resources */,
				47457D8D15B4B98600265A6F /* button_blue@2x.png in Resources */,
				47457D8E15B4B98600265A6F /* button_green.png in Resources */,
				47457D8F15B4B98600265A6F /* button_green@2x.png in Resources */,
				47457D9015B4B98600265A6F /* button_red.png in Resources */,
				47457D9115B4B98600265A6F /* button_red@2x.png in Resources */,
				47457D9215B4B98600265A6F /* navbar_bgr.png in Resources */,
			);
			runOnlyForDeploymentPostprocessing = 0;
		};
/* End PBXResourcesBuildPhase section */

/* Begin PBXSourcesBuildPhase section */
		1D60588E0D05DD3D006BFB54 /* Sources */ = {
			isa = PBXSourcesBuildPhase;
			buildActionMask = 2147483647;
			files = (
				1D60589B0D05DD56006BFB54 /* main.m in Sources */,
				1D3623260D0F684500981E51 /* StatDiaryAppDelegate.m in Sources */,
				4732D621139F407000CADBB3 /* StatNavigationController.m in Sources */,
				4732D624139F43AD00CADBB3 /* StatListController.m in Sources */,
				47B9465E13A16BA2001326FC /* Globals.m in Sources */,
				4787F45013A2BDD2002B9636 /* StatDetailsViewController.m in Sources */,
				47807F0913A4F112004078EB /* IndicatorViewController.m in Sources */,
				4738B52813AB2B0800BD5B67 /* RegistrationViewController.m in Sources */,
				4787ACFA13BF89BC0074CBDA /* WelcomeViewController.m in Sources */,
				47B383D013C0FCFD00D34E27 /* CreateStatViewController.m in Sources */,
				47A8C08F14310B97001F588E /* AccountNavigationController.m in Sources */,
				47977D5D14366D5F00F55E1B /* XMLRPCRequestExtended.m in Sources */,
				474D1BB714634FB2007F7875 /* AsynchronImageLoader.m in Sources */,
				474FF14D14D0B05700781A91 /* StatCardViewController.m in Sources */,
				47AAA96614D21BCA00AA870E /* EntryInfoCell.m in Sources */,
				47BEADB81533810E00F2C34D /* NSStringAdditions.m in Sources */,
				47E39FF4153A36A400EAC885 /* StatListView.m in Sources */,
				4726AE6A15A4D3800045358C /* StatGraphHostingView.m in Sources */,
			);
			runOnlyForDeploymentPostprocessing = 0;
		};
/* End PBXSourcesBuildPhase section */

/* Begin XCBuildConfiguration section */
		1D6058940D05DD3E006BFB54 /* Debug */ = {
			isa = XCBuildConfiguration;
			buildSettings = {
				ALWAYS_SEARCH_USER_PATHS = NO;
				CODE_SIGN_ENTITLEMENTS = StatDiary.entitlements;
				CODE_SIGN_IDENTITY = "iPhone Developer";
				"CODE_SIGN_IDENTITY[sdk=iphoneos*]" = "iPhone Developer";
				COPY_PHASE_STRIP = NO;
				FRAMEWORK_SEARCH_PATHS = (
					"/Users/itarato/Library/Developer/Xcode/DerivedData/XMLRPC-hjpfzwnhfwjloucodkxxqatdpnat/Build/Products/Development/XMLRPC.framework",
					"$(inherited)",
					"\"$(SRCROOT)\"",
					"\"$(SRCROOT)/../../../Library/Developer/Xcode/DerivedData/XMLRPC-hjpfzwnhfwjloucodkxxqatdpnat/Build/Products/Development\"",
				);
				GCC_DYNAMIC_NO_PIC = NO;
				GCC_OPTIMIZATION_LEVEL = 0;
				GCC_PRECOMPILE_PREFIX_HEADER = YES;
				GCC_PREFIX_HEADER = StatDiary_Prefix.pch;
				HEADER_SEARCH_PATHS = (
					"/Users/itarato/CHECKOUT/xmlrpc/**",
					"/Users/itarato/Downloads/CorePlot_1.1/Source/framework/**",
				);
				INFOPLIST_FILE = "StatDiary-Info.plist";
				IPHONEOS_DEPLOYMENT_TARGET = 5.1;
				LIBRARY_SEARCH_PATHS = (
					"/Users/itarato/Library/Developer/Xcode/DerivedData/XMLRPC-hjpfzwnhfwjloucodkxxqatdpnat/Build/Products/Development/XMLRPC.framework",
					"$(inherited)",
					"\"$(SRCROOT)/../../../Downloads/CorePlot_1.1/Binaries/iOS\"",
					"\"$(SRCROOT)\"",
					"\"$(SRCROOT)/../../../Library/Developer/Xcode/DerivedData/XMLRPC-hjpfzwnhfwjloucodkxxqatdpnat/Build/Products/Development-universal\"",
				);
				ONLY_ACTIVE_ARCH = YES;
				OTHER_LDFLAGS = (
					"-ObjC",
					"-all_load",
				);
				PRODUCT_NAME = StatDiary;
				PROVISIONING_PROFILE = "";
				"PROVISIONING_PROFILE[sdk=iphoneos*]" = "";
				SDKROOT = iphoneos;
				SKIP_INSTALL = NO;
				TARGETED_DEVICE_FAMILY = 1;
			};
			name = Debug;
		};
		1D6058950D05DD3E006BFB54 /* Release */ = {
			isa = XCBuildConfiguration;
			buildSettings = {
				ALWAYS_SEARCH_USER_PATHS = NO;
				CODE_SIGN_ENTITLEMENTS = StatDiary.entitlements;
				CODE_SIGN_IDENTITY = "iPhone Developer";
				"CODE_SIGN_IDENTITY[sdk=iphoneos*]" = "iPhone Developer";
				COPY_PHASE_STRIP = YES;
				FRAMEWORK_SEARCH_PATHS = (
					"/Users/itarato/Library/Developer/Xcode/DerivedData/XMLRPC-hjpfzwnhfwjloucodkxxqatdpnat/Build/Products/Development/XMLRPC.framework",
					"$(inherited)",
					"\"$(SRCROOT)\"",
					"\"$(SRCROOT)/../../../Library/Developer/Xcode/DerivedData/XMLRPC-hjpfzwnhfwjloucodkxxqatdpnat/Build/Products/Development\"",
				);
				GCC_PRECOMPILE_PREFIX_HEADER = YES;
				GCC_PREFIX_HEADER = StatDiary_Prefix.pch;
				HEADER_SEARCH_PATHS = (
					"/Users/itarato/CHECKOUT/xmlrpc/**",
					"/Users/itarato/Downloads/CorePlot_1.1/Source/framework/**",
				);
				INFOPLIST_FILE = "StatDiary-Info.plist";
				IPHONEOS_DEPLOYMENT_TARGET = 5.1;
				LIBRARY_SEARCH_PATHS = (
					"/Users/itarato/Library/Developer/Xcode/DerivedData/XMLRPC-hjpfzwnhfwjloucodkxxqatdpnat/Build/Products/Development/XMLRPC.framework",
					"$(inherited)",
					"\"$(SRCROOT)/../../../Downloads/CorePlot_1.1/Binaries/iOS\"",
					"\"$(SRCROOT)\"",
					"\"$(SRCROOT)/../../../Library/Developer/Xcode/DerivedData/XMLRPC-hjpfzwnhfwjloucodkxxqatdpnat/Build/Products/Development-universal\"",
				);
				ONLY_ACTIVE_ARCH = YES;
				OTHER_LDFLAGS = (
					"-ObjC",
					"-all_load",
				);
				PRODUCT_NAME = StatDiary;
				PROVISIONING_PROFILE = "";
				"PROVISIONING_PROFILE[sdk=iphoneos*]" = "";
				SDKROOT = iphoneos;
				SKIP_INSTALL = NO;
				TARGETED_DEVICE_FAMILY = 1;
				VALIDATE_PRODUCT = YES;
			};
			name = Release;
		};
		C01FCF4F08A954540054247B /* Debug */ = {
			isa = XCBuildConfiguration;
			buildSettings = {
				ARCHS = "$(ARCHS_STANDARD_32_BIT)";
				CODE_SIGN_IDENTITY = "iPhone Distribution: Peter Arato";
				"CODE_SIGN_IDENTITY[sdk=iphoneos*]" = "iPhone Developer";
				GCC_C_LANGUAGE_STANDARD = c99;
				GCC_WARN_ABOUT_RETURN_TYPE = YES;
				GCC_WARN_UNUSED_VARIABLE = YES;
				HEADER_SEARCH_PATHS = "/Users/itarato/Checkout/xmlrpc/**";
				IPHONEOS_DEPLOYMENT_TARGET = 6.0;
				PROVISIONING_PROFILE = "E87BA88D-CC10-44CE-8376-4C26F4E482BC";
				"PROVISIONING_PROFILE[sdk=iphoneos*]" = "";
				SDKROOT = iphoneos;
				SKIP_INSTALL = NO;
			};
			name = Debug;
		};
		C01FCF5008A954540054247B /* Release */ = {
			isa = XCBuildConfiguration;
			buildSettings = {
				ARCHS = "$(ARCHS_STANDARD_32_BIT)";
				CODE_SIGN_IDENTITY = "iPhone Distribution: Peter Arato";
				"CODE_SIGN_IDENTITY[sdk=iphoneos*]" = "iPhone Developer";
				GCC_C_LANGUAGE_STANDARD = c99;
				GCC_WARN_ABOUT_RETURN_TYPE = YES;
				GCC_WARN_UNUSED_VARIABLE = YES;
				HEADER_SEARCH_PATHS = "/Users/itarato/Checkout/xmlrpc/**";
				IPHONEOS_DEPLOYMENT_TARGET = 6.0;
				OTHER_CFLAGS = "-DNS_BLOCK_ASSERTIONS=1";
				PROVISIONING_PROFILE = "E87BA88D-CC10-44CE-8376-4C26F4E482BC";
				"PROVISIONING_PROFILE[sdk=iphoneos*]" = "";
				SDKROOT = iphoneos;
				SKIP_INSTALL = NO;
			};
			name = Release;
		};
/* End XCBuildConfiguration section */

/* Begin XCConfigurationList section */
		1D6058960D05DD3E006BFB54 /* Build configuration list for PBXNativeTarget "StatDiary" */ = {
			isa = XCConfigurationList;
			buildConfigurations = (
				1D6058940D05DD3E006BFB54 /* Debug */,
				1D6058950D05DD3E006BFB54 /* Release */,
			);
			defaultConfigurationIsVisible = 0;
			defaultConfigurationName = Release;
		};
		C01FCF4E08A954540054247B /* Build configuration list for PBXProject "StatDiary" */ = {
			isa = XCConfigurationList;
			buildConfigurations = (
				C01FCF4F08A954540054247B /* Debug */,
				C01FCF5008A954540054247B /* Release */,
			);
			defaultConfigurationIsVisible = 0;
			defaultConfigurationName = Release;
		};
/* End XCConfigurationList section */
	};
	rootObject = 29B97313FDCFA39411CA2CEA /* Project object */;
}
